
Microsoft Visual Studio Solution File, Format Version 12.00
# Visual Studio Version 17
VisualStudioVersion = 17.2.32630.192
MinimumVisualStudioVersion = 10.0.40219.1
Project("{8BC9CEB8-8B4A-11D0-8D11-00A0C91BC942}") = "lab_3", "lab_3\lab_3.vcxproj", "{E6074851-ADE0-4BF8-A7AC-3DFA64DEF546}"
EndProject
Global
	GlobalSection(SolutionConfigurationPlatforms) = preSolution
		Debug|x64 = Debug|x64
		Debug|x86 = Debug|x86
		Release|x64 = Release|x64
		Release|x86 = Release|x86
	EndGlobalSection
	GlobalSection(ProjectConfigurationPlatforms) = postSolution
		{E6074851-ADE0-4BF8-A7AC-3DFA64DEF546}.Debug|x64.ActiveCfg = Debug|x64
		{E6074851-ADE0-4BF8-A7AC-3DFA64DEF546}.Debug|x64.Build.0 = Debug|x64
		{E6074851-ADE0-4BF8-A7AC-3DFA64DEF546}.Debug|x86.ActiveCfg = Debug|Win32
		{E6074851-ADE0-4BF8-A7AC-3DFA64DEF546}.Debug|x86.Build.0 = Debug|Win32
		{E6074851-ADE0-4BF8-A7AC-3DFA64DEF546}.Release|x64.ActiveCfg = Release|x64
		{E6074851-ADE0-4BF8-A7AC-3DFA64DEF546}.Release|x64.Build.0 = Release|x64
		{E6074851-ADE0-4BF8-A7AC-3DFA64DEF546}.Release|x86.ActiveCfg = Release|Win32
		{E6074851-ADE0-4BF8-A7AC-3DFA64DEF546}.Release|x86.Build.0 = Release|Win32
	EndGlobalSection
	GlobalSection(SolutionProperties) = preSolution
		HideSolutionNode = FALSE
	EndGlobalSection
	GlobalSection(ExtensibilityGlobals) = postSolution
		SolutionGuid = {0A8A4FFC-C4CD-4CAC-8BB9-1F8900A76E8B}
	EndGlobalSection
EndGlobal
