
Microsoft Visual Studio Solution File, Format Version 12.00
# Visual Studio Version 17
VisualStudioVersion = 17.2.32630.192
MinimumVisualStudioVersion = 10.0.40219.1
Project("{8BC9CEB8-8B4A-11D0-8D11-00A0C91BC942}") = "lab_6", "lab_6\lab_6.vcxproj", "{AB5EFB81-9E41-4904-8E8E-47589898087D}"
EndProject
Global
	GlobalSection(SolutionConfigurationPlatforms) = preSolution
		Debug|x64 = Debug|x64
		Debug|x86 = Debug|x86
		Release|x64 = Release|x64
		Release|x86 = Release|x86
	EndGlobalSection
	GlobalSection(ProjectConfigurationPlatforms) = postSolution
		{AB5EFB81-9E41-4904-8E8E-47589898087D}.Debug|x64.ActiveCfg = Debug|x64
		{AB5EFB81-9E41-4904-8E8E-47589898087D}.Debug|x64.Build.0 = Debug|x64
		{AB5EFB81-9E41-4904-8E8E-47589898087D}.Debug|x86.ActiveCfg = Debug|Win32
		{AB5EFB81-9E41-4904-8E8E-47589898087D}.Debug|x86.Build.0 = Debug|Win32
		{AB5EFB81-9E41-4904-8E8E-47589898087D}.Release|x64.ActiveCfg = Release|x64
		{AB5EFB81-9E41-4904-8E8E-47589898087D}.Release|x64.Build.0 = Release|x64
		{AB5EFB81-9E41-4904-8E8E-47589898087D}.Release|x86.ActiveCfg = Release|Win32
		{AB5EFB81-9E41-4904-8E8E-47589898087D}.Release|x86.Build.0 = Release|Win32
	EndGlobalSection
	GlobalSection(SolutionProperties) = preSolution
		HideSolutionNode = FALSE
	EndGlobalSection
	GlobalSection(ExtensibilityGlobals) = postSolution
		SolutionGuid = {1C1C5908-153C-4FE0-853F-DBE8D4377AE2}
	EndGlobalSection
EndGlobal
