
Microsoft Visual Studio Solution File, Format Version 12.00
# Visual Studio Version 17
VisualStudioVersion = 17.3.32929.385
MinimumVisualStudioVersion = 10.0.40219.1
Project("{8BC9CEB8-8B4A-11D0-8D11-00A0C91BC942}") = "Right-triangle", "Right-triangle\Right-triangle.vcxproj", "{8EA29A40-41DE-4D53-8ACD-A742247DA48F}"
EndProject
Global
	GlobalSection(SolutionConfigurationPlatforms) = preSolution
		Debug|x64 = Debug|x64
		Debug|x86 = Debug|x86
		Release|x64 = Release|x64
		Release|x86 = Release|x86
	EndGlobalSection
	GlobalSection(ProjectConfigurationPlatforms) = postSolution
		{8EA29A40-41DE-4D53-8ACD-A742247DA48F}.Debug|x64.ActiveCfg = Debug|x64
		{8EA29A40-41DE-4D53-8ACD-A742247DA48F}.Debug|x64.Build.0 = Debug|x64
		{8EA29A40-41DE-4D53-8ACD-A742247DA48F}.Debug|x86.ActiveCfg = Debug|Win32
		{8EA29A40-41DE-4D53-8ACD-A742247DA48F}.Debug|x86.Build.0 = Debug|Win32
		{8EA29A40-41DE-4D53-8ACD-A742247DA48F}.Release|x64.ActiveCfg = Release|x64
		{8EA29A40-41DE-4D53-8ACD-A742247DA48F}.Release|x64.Build.0 = Release|x64
		{8EA29A40-41DE-4D53-8ACD-A742247DA48F}.Release|x86.ActiveCfg = Release|Win32
		{8EA29A40-41DE-4D53-8ACD-A742247DA48F}.Release|x86.Build.0 = Release|Win32
	EndGlobalSection
	GlobalSection(SolutionProperties) = preSolution
		HideSolutionNode = FALSE
	EndGlobalSection
	GlobalSection(ExtensibilityGlobals) = postSolution
		SolutionGuid = {AE946FA6-0F98-4BF4-8616-BB688911B0BD}
	EndGlobalSection
EndGlobal
